// !$*UTF8*$!
{
	archiveVersion = 1;
	classes = {
	};
	objectVersion = 46;
	objects = {

/* Begin PBXBuildFile section */
		6003F58E195388D20070C39A /* Foundation.framework in Frameworks */ = {isa = PBXBuildFile; fileRef = 6003F58D195388D20070C39A /* Foundation.framework */; };
		6003F590195388D20070C39A /* CoreGraphics.framework in Frameworks */ = {isa = PBXBuildFile; fileRef = 6003F58F195388D20070C39A /* CoreGraphics.framework */; };
		6003F592195388D20070C39A /* UIKit.framework in Frameworks */ = {isa = PBXBuildFile; fileRef = 6003F591195388D20070C39A /* UIKit.framework */; };
		6003F598195388D20070C39A /* InfoPlist.strings in Resources */ = {isa = PBXBuildFile; fileRef = 6003F596195388D20070C39A /* InfoPlist.strings */; };
		6003F59A195388D20070C39A /* main.m in Sources */ = {isa = PBXBuildFile; fileRef = 6003F599195388D20070C39A /* main.m */; };
		6003F59E195388D20070C39A /* WSAppDelegate.m in Sources */ = {isa = PBXBuildFile; fileRef = 6003F59D195388D20070C39A /* WSAppDelegate.m */; };
		6003F5A7195388D20070C39A /* WSViewController.m in Sources */ = {isa = PBXBuildFile; fileRef = 6003F5A6195388D20070C39A /* WSViewController.m */; };
		6003F5A9195388D20070C39A /* Images.xcassets in Resources */ = {isa = PBXBuildFile; fileRef = 6003F5A8195388D20070C39A /* Images.xcassets */; };
		6003F5B0195388D20070C39A /* XCTest.framework in Frameworks */ = {isa = PBXBuildFile; fileRef = 6003F5AF195388D20070C39A /* XCTest.framework */; };
		6003F5B1195388D20070C39A /* Foundation.framework in Frameworks */ = {isa = PBXBuildFile; fileRef = 6003F58D195388D20070C39A /* Foundation.framework */; };
		6003F5B2195388D20070C39A /* UIKit.framework in Frameworks */ = {isa = PBXBuildFile; fileRef = 6003F591195388D20070C39A /* UIKit.framework */; };
		6003F5BA195388D20070C39A /* InfoPlist.strings in Resources */ = {isa = PBXBuildFile; fileRef = 6003F5B8195388D20070C39A /* InfoPlist.strings */; };
		6D118C161C8341F3004A4AAF /* WSHeaderFooterView.m in Sources */ = {isa = PBXBuildFile; fileRef = 6D118C151C8341F3004A4AAF /* WSHeaderFooterView.m */; };
		6D13554D1CB11A1500A16DED /* UITableViewCell+WSAutoLayoutHeigh.m in Sources */ = {isa = PBXBuildFile; fileRef = 6D13554C1CB11A1500A16DED /* UITableViewCell+WSAutoLayoutHeigh.m */; };
		6D1355511CB13F0E00A16DED /* WSActionsHolder.m in Sources */ = {isa = PBXBuildFile; fileRef = 6D1355501CB13F0E00A16DED /* WSActionsHolder.m */; };
		6D1355541CB1576A00A16DED /* WSCellItem.m in Sources */ = {isa = PBXBuildFile; fileRef = 6D1355531CB1576A00A16DED /* WSCellItem.m */; };
		6D5FF9301BBADC61001DDD91 /* WSAction.m in Sources */ = {isa = PBXBuildFile; fileRef = 6D5FF9201BBADC61001DDD91 /* WSAction.m */; };
		6D5FF9321BBADC61001DDD91 /* WSSectionContainer.m in Sources */ = {isa = PBXBuildFile; fileRef = 6D5FF9261BBADC61001DDD91 /* WSSectionContainer.m */; };
		6D5FF9331BBADC61001DDD91 /* WSSupplementaryItem.m in Sources */ = {isa = PBXBuildFile; fileRef = 6D5FF9281BBADC61001DDD91 /* WSSupplementaryItem.m */; };
		6D5FF9341BBADC61001DDD91 /* WSSection.m in Sources */ = {isa = PBXBuildFile; fileRef = 6D5FF92C1BBADC61001DDD91 /* WSSection.m */; };
		6D5FF9351BBADC61001DDD91 /* WSTableViewCell.m in Sources */ = {isa = PBXBuildFile; fileRef = 6D5FF92E1BBADC61001DDD91 /* WSTableViewCell.m */; };
		6D5FF9371BBAF15D001DDD91 /* Launch Screen.storyboard in Resources */ = {isa = PBXBuildFile; fileRef = 6D5FF9361BBAF15D001DDD91 /* Launch Screen.storyboard */; };
		6D7034BA1C5A175E005B178C /* CellWithButton.m in Sources */ = {isa = PBXBuildFile; fileRef = 6D7034B91C5A175E005B178C /* CellWithButton.m */; };
		6D816B691BBBBF5C00F175AC /* NSArray+WSSortable.m in Sources */ = {isa = PBXBuildFile; fileRef = 6D816B681BBBBF5C00F175AC /* NSArray+WSSortable.m */; };
		6D87A39B1CA304B400FEE1AA /* UITableView+WSTableExtension.m in Sources */ = {isa = PBXBuildFile; fileRef = 6D87A39A1CA304B400FEE1AA /* UITableView+WSTableExtension.m */; };
		6D87A39E1CA305FC00FEE1AA /* WSDefaultCellsPrototyper.m in Sources */ = {isa = PBXBuildFile; fileRef = 6D87A39D1CA305FC00FEE1AA /* WSDefaultCellsPrototyper.m */; };
		6DB043811CA5B396002CF38D /* WSDefaultIdentifierConvention.m in Sources */ = {isa = PBXBuildFile; fileRef = 6DB043801CA5B396002CF38D /* WSDefaultIdentifierConvention.m */; };
		6DF5A0EA1C6F2281004D5DDB /* WSActionInfo.m in Sources */ = {isa = PBXBuildFile; fileRef = 6DF5A0E91C6F2281004D5DDB /* WSActionInfo.m */; };
		6DF704FB1CC3DFDB0097B127 /* WSTestXibTableViewCell.m in Sources */ = {isa = PBXBuildFile; fileRef = 6DF704F91CC3DFDB0097B127 /* WSTestXibTableViewCell.m */; };
		6DF704FC1CC3DFDB0097B127 /* WSTestXibTableViewCell.xib in Resources */ = {isa = PBXBuildFile; fileRef = 6DF704FA1CC3DFDB0097B127 /* WSTestXibTableViewCell.xib */; };
		6DF704FF1CC3E07F0097B127 /* UITableViewExtensionsTests.m in Sources */ = {isa = PBXBuildFile; fileRef = 6DF704FE1CC3E07F0097B127 /* UITableViewExtensionsTests.m */; };
		6DF705021CC3E41D0097B127 /* WSTestClassHeaderFooterView.m in Sources */ = {isa = PBXBuildFile; fileRef = 6DF705011CC3E41D0097B127 /* WSTestClassHeaderFooterView.m */; };
		6DF705051CC3E7F20097B127 /* WSTestNibHeaderFooterView.m in Sources */ = {isa = PBXBuildFile; fileRef = 6DF705041CC3E7F20097B127 /* WSTestNibHeaderFooterView.m */; };
		6DF705071CC3E80C0097B127 /* WSTestNibHeaderFooterView.xib in Resources */ = {isa = PBXBuildFile; fileRef = 6DF705061CC3E80C0097B127 /* WSTestNibHeaderFooterView.xib */; };
		6DF7050A1CC3ECEE0097B127 /* WSSupplementaryItemTests.m in Sources */ = {isa = PBXBuildFile; fileRef = 6DF705091CC3ECEE0097B127 /* WSSupplementaryItemTests.m */; };
		6DFDDB6D1CC2079500F39F9D /* NSArray+WSAction.m in Sources */ = {isa = PBXBuildFile; fileRef = 6DFDDB6C1CC2079500F39F9D /* NSArray+WSAction.m */; };
		6DFDDB701CC20B7600F39F9D /* WSActionTests.m in Sources */ = {isa = PBXBuildFile; fileRef = 6DFDDB6F1CC20B7600F39F9D /* WSActionTests.m */; };
		6DFDDB721CC229DF00F39F9D /* WSActionInfoTests.m in Sources */ = {isa = PBXBuildFile; fileRef = 6DFDDB711CC229DF00F39F9D /* WSActionInfoTests.m */; };
		6DFDDB741CC22BE300F39F9D /* WSActionsHolderTests.m in Sources */ = {isa = PBXBuildFile; fileRef = 6DFDDB731CC22BE300F39F9D /* WSActionsHolderTests.m */; };
		6DFDDB761CC2351300F39F9D /* WSNSArrayActionsTests.m in Sources */ = {isa = PBXBuildFile; fileRef = 6DFDDB751CC2351300F39F9D /* WSNSArrayActionsTests.m */; };
		873B8AEB1B1F5CCA007FD442 /* Main.storyboard in Resources */ = {isa = PBXBuildFile; fileRef = 873B8AEA1B1F5CCA007FD442 /* Main.storyboard */; };
/* End PBXBuildFile section */

/* Begin PBXContainerItemProxy section */
		6003F5B3195388D20070C39A /* PBXContainerItemProxy */ = {
			isa = PBXContainerItemProxy;
			containerPortal = 6003F582195388D10070C39A /* Project object */;
			proxyType = 1;
			remoteGlobalIDString = 6003F589195388D20070C39A;
			remoteInfo = WSTableKit;
		};
/* End PBXContainerItemProxy section */

/* Begin PBXFileReference section */
		6003F58A195388D20070C39A /* WSTableKit_Example.app */ = {isa = PBXFileReference; explicitFileType = wrapper.application; includeInIndex = 0; path = WSTableKit_Example.app; sourceTree = BUILT_PRODUCTS_DIR; };
		6003F58D195388D20070C39A /* Foundation.framework */ = {isa = PBXFileReference; lastKnownFileType = wrapper.framework; name = Foundation.framework; path = System/Library/Frameworks/Foundation.framework; sourceTree = SDKROOT; };
		6003F58F195388D20070C39A /* CoreGraphics.framework */ = {isa = PBXFileReference; lastKnownFileType = wrapper.framework; name = CoreGraphics.framework; path = System/Library/Frameworks/CoreGraphics.framework; sourceTree = SDKROOT; };
		6003F591195388D20070C39A /* UIKit.framework */ = {isa = PBXFileReference; lastKnownFileType = wrapper.framework; name = UIKit.framework; path = System/Library/Frameworks/UIKit.framework; sourceTree = SDKROOT; };
		6003F595195388D20070C39A /* WSTableKit-Info.plist */ = {isa = PBXFileReference; lastKnownFileType = text.plist.xml; path = "WSTableKit-Info.plist"; sourceTree = "<group>"; };
		6003F597195388D20070C39A /* en */ = {isa = PBXFileReference; lastKnownFileType = text.plist.strings; name = en; path = en.lproj/InfoPlist.strings; sourceTree = "<group>"; };
		6003F599195388D20070C39A /* main.m */ = {isa = PBXFileReference; lastKnownFileType = sourcecode.c.objc; path = main.m; sourceTree = "<group>"; };
		6003F59B195388D20070C39A /* WSTableKit-Prefix.pch */ = {isa = PBXFileReference; lastKnownFileType = sourcecode.c.h; path = "WSTableKit-Prefix.pch"; sourceTree = "<group>"; };
		6003F59C195388D20070C39A /* WSAppDelegate.h */ = {isa = PBXFileReference; lastKnownFileType = sourcecode.c.h; path = WSAppDelegate.h; sourceTree = "<group>"; };
		6003F59D195388D20070C39A /* WSAppDelegate.m */ = {isa = PBXFileReference; lastKnownFileType = sourcecode.c.objc; path = WSAppDelegate.m; sourceTree = "<group>"; };
		6003F5A5195388D20070C39A /* WSViewController.h */ = {isa = PBXFileReference; lastKnownFileType = sourcecode.c.h; path = WSViewController.h; sourceTree = "<group>"; };
		6003F5A6195388D20070C39A /* WSViewController.m */ = {isa = PBXFileReference; lastKnownFileType = sourcecode.c.objc; path = WSViewController.m; sourceTree = "<group>"; };
		6003F5A8195388D20070C39A /* Images.xcassets */ = {isa = PBXFileReference; lastKnownFileType = folder.assetcatalog; path = Images.xcassets; sourceTree = "<group>"; };
		6003F5AE195388D20070C39A /* WSTableKit_Tests.xctest */ = {isa = PBXFileReference; explicitFileType = wrapper.cfbundle; includeInIndex = 0; path = WSTableKit_Tests.xctest; sourceTree = BUILT_PRODUCTS_DIR; };
		6003F5AF195388D20070C39A /* XCTest.framework */ = {isa = PBXFileReference; lastKnownFileType = wrapper.framework; name = XCTest.framework; path = Library/Frameworks/XCTest.framework; sourceTree = DEVELOPER_DIR; };
		6003F5B7195388D20070C39A /* Tests-Info.plist */ = {isa = PBXFileReference; lastKnownFileType = text.plist.xml; path = "Tests-Info.plist"; sourceTree = "<group>"; };
		6003F5B9195388D20070C39A /* en */ = {isa = PBXFileReference; lastKnownFileType = text.plist.strings; name = en; path = en.lproj/InfoPlist.strings; sourceTree = "<group>"; };
		606FC2411953D9B200FFA9A0 /* Tests-Prefix.pch */ = {isa = PBXFileReference; lastKnownFileType = sourcecode.c.h; path = "Tests-Prefix.pch"; sourceTree = "<group>"; };
		6D118C141C8341F3004A4AAF /* WSHeaderFooterView.h */ = {isa = PBXFileReference; fileEncoding = 4; lastKnownFileType = sourcecode.c.h; path = WSHeaderFooterView.h; sourceTree = "<group>"; };
		6D118C151C8341F3004A4AAF /* WSHeaderFooterView.m */ = {isa = PBXFileReference; fileEncoding = 4; lastKnownFileType = sourcecode.c.objc; path = WSHeaderFooterView.m; sourceTree = "<group>"; };
		6D13554A1CB10DCF00A16DED /* WSItem.h */ = {isa = PBXFileReference; fileEncoding = 4; lastKnownFileType = sourcecode.c.h; path = WSItem.h; sourceTree = "<group>"; };
		6D13554B1CB11A1500A16DED /* UITableViewCell+WSAutoLayoutHeigh.h */ = {isa = PBXFileReference; fileEncoding = 4; lastKnownFileType = sourcecode.c.h; path = "UITableViewCell+WSAutoLayoutHeigh.h"; sourceTree = "<group>"; };
		6D13554C1CB11A1500A16DED /* UITableViewCell+WSAutoLayoutHeigh.m */ = {isa = PBXFileReference; fileEncoding = 4; lastKnownFileType = sourcecode.c.objc; path = "UITableViewCell+WSAutoLayoutHeigh.m"; sourceTree = "<group>"; };
		6D13554F1CB13F0E00A16DED /* WSActionsHolder.h */ = {isa = PBXFileReference; fileEncoding = 4; lastKnownFileType = sourcecode.c.h; path = WSActionsHolder.h; sourceTree = "<group>"; };
		6D1355501CB13F0E00A16DED /* WSActionsHolder.m */ = {isa = PBXFileReference; fileEncoding = 4; lastKnownFileType = sourcecode.c.objc; path = WSActionsHolder.m; sourceTree = "<group>"; };
		6D1355521CB1576A00A16DED /* WSCellItem.h */ = {isa = PBXFileReference; fileEncoding = 4; lastKnownFileType = sourcecode.c.h; path = WSCellItem.h; sourceTree = "<group>"; };
		6D1355531CB1576A00A16DED /* WSCellItem.m */ = {isa = PBXFileReference; fileEncoding = 4; lastKnownFileType = sourcecode.c.objc; path = WSCellItem.m; sourceTree = "<group>"; };
		6D5FF91F1BBADC61001DDD91 /* WSAction.h */ = {isa = PBXFileReference; fileEncoding = 4; lastKnownFileType = sourcecode.c.h; path = WSAction.h; sourceTree = "<group>"; };
		6D5FF9201BBADC61001DDD91 /* WSAction.m */ = {isa = PBXFileReference; fileEncoding = 4; lastKnownFileType = sourcecode.c.objc; path = WSAction.m; sourceTree = "<group>"; };
		6D5FF9211BBADC61001DDD91 /* WSCellClass.h */ = {isa = PBXFileReference; fileEncoding = 4; lastKnownFileType = sourcecode.c.h; path = WSCellClass.h; sourceTree = "<group>"; };
		6D5FF9251BBADC61001DDD91 /* WSSectionContainer.h */ = {isa = PBXFileReference; fileEncoding = 4; lastKnownFileType = sourcecode.c.h; path = WSSectionContainer.h; sourceTree = "<group>"; };
		6D5FF9261BBADC61001DDD91 /* WSSectionContainer.m */ = {isa = PBXFileReference; fileEncoding = 4; lastKnownFileType = sourcecode.c.objc; path = WSSectionContainer.m; sourceTree = "<group>"; };
		6D5FF9271BBADC61001DDD91 /* WSSupplementaryItem.h */ = {isa = PBXFileReference; fileEncoding = 4; lastKnownFileType = sourcecode.c.h; path = WSSupplementaryItem.h; sourceTree = "<group>"; };
		6D5FF9281BBADC61001DDD91 /* WSSupplementaryItem.m */ = {isa = PBXFileReference; fileEncoding = 4; lastKnownFileType = sourcecode.c.objc; path = WSSupplementaryItem.m; sourceTree = "<group>"; };
		6D5FF9291BBADC61001DDD91 /* WSSortable.h */ = {isa = PBXFileReference; fileEncoding = 4; lastKnownFileType = sourcecode.c.h; path = WSSortable.h; sourceTree = "<group>"; };
		6D5FF92B1BBADC61001DDD91 /* WSSection.h */ = {isa = PBXFileReference; fileEncoding = 4; lastKnownFileType = sourcecode.c.h; path = WSSection.h; sourceTree = "<group>"; };
		6D5FF92C1BBADC61001DDD91 /* WSSection.m */ = {isa = PBXFileReference; fileEncoding = 4; lastKnownFileType = sourcecode.c.objc; path = WSSection.m; sourceTree = "<group>"; };
		6D5FF92D1BBADC61001DDD91 /* WSTableViewCell.h */ = {isa = PBXFileReference; fileEncoding = 4; lastKnownFileType = sourcecode.c.h; path = WSTableViewCell.h; sourceTree = "<group>"; };
		6D5FF92E1BBADC61001DDD91 /* WSTableViewCell.m */ = {isa = PBXFileReference; fileEncoding = 4; lastKnownFileType = sourcecode.c.objc; path = WSTableViewCell.m; sourceTree = "<group>"; };
		6D5FF92F1BBADC61001DDD91 /* WSTableViewDirector.h */ = {isa = PBXFileReference; fileEncoding = 4; lastKnownFileType = sourcecode.c.h; path = WSTableViewDirector.h; sourceTree = "<group>"; };
		6D5FF9361BBAF15D001DDD91 /* Launch Screen.storyboard */ = {isa = PBXFileReference; fileEncoding = 4; lastKnownFileType = file.storyboard; path = "Launch Screen.storyboard"; sourceTree = "<group>"; };
		6D7034B81C5A175E005B178C /* CellWithButton.h */ = {isa = PBXFileReference; fileEncoding = 4; lastKnownFileType = sourcecode.c.h; path = CellWithButton.h; sourceTree = "<group>"; };
		6D7034B91C5A175E005B178C /* CellWithButton.m */ = {isa = PBXFileReference; fileEncoding = 4; lastKnownFileType = sourcecode.c.objc; path = CellWithButton.m; sourceTree = "<group>"; };
		6D816B671BBBBF5C00F175AC /* NSArray+WSSortable.h */ = {isa = PBXFileReference; fileEncoding = 4; lastKnownFileType = sourcecode.c.h; path = "NSArray+WSSortable.h"; sourceTree = "<group>"; };
		6D816B681BBBBF5C00F175AC /* NSArray+WSSortable.m */ = {isa = PBXFileReference; fileEncoding = 4; lastKnownFileType = sourcecode.c.objc; path = "NSArray+WSSortable.m"; sourceTree = "<group>"; };
		6D87A3991CA304B400FEE1AA /* UITableView+WSTableExtension.h */ = {isa = PBXFileReference; fileEncoding = 4; lastKnownFileType = sourcecode.c.h; path = "UITableView+WSTableExtension.h"; sourceTree = "<group>"; };
		6D87A39A1CA304B400FEE1AA /* UITableView+WSTableExtension.m */ = {isa = PBXFileReference; fileEncoding = 4; lastKnownFileType = sourcecode.c.objc; path = "UITableView+WSTableExtension.m"; sourceTree = "<group>"; };
		6D87A39C1CA305FC00FEE1AA /* WSDefaultCellsPrototyper.h */ = {isa = PBXFileReference; fileEncoding = 4; lastKnownFileType = sourcecode.c.h; path = WSDefaultCellsPrototyper.h; sourceTree = "<group>"; };
		6D87A39D1CA305FC00FEE1AA /* WSDefaultCellsPrototyper.m */ = {isa = PBXFileReference; fileEncoding = 4; lastKnownFileType = sourcecode.c.objc; path = WSDefaultCellsPrototyper.m; sourceTree = "<group>"; };
		6D87A3A11CA30C9D00FEE1AA /* WSCellsPrototyper.h */ = {isa = PBXFileReference; fileEncoding = 4; lastKnownFileType = sourcecode.c.h; path = WSCellsPrototyper.h; sourceTree = "<group>"; };
		6DB0437D1CA5B220002CF38D /* WSIdentifierConvention.h */ = {isa = PBXFileReference; fileEncoding = 4; lastKnownFileType = sourcecode.c.h; path = WSIdentifierConvention.h; sourceTree = "<group>"; };
		6DB0437F1CA5B396002CF38D /* WSDefaultIdentifierConvention.h */ = {isa = PBXFileReference; fileEncoding = 4; lastKnownFileType = sourcecode.c.h; path = WSDefaultIdentifierConvention.h; sourceTree = "<group>"; };
		6DB043801CA5B396002CF38D /* WSDefaultIdentifierConvention.m */ = {isa = PBXFileReference; fileEncoding = 4; lastKnownFileType = sourcecode.c.objc; path = WSDefaultIdentifierConvention.m; sourceTree = "<group>"; };
		6DF5A0E81C6F2281004D5DDB /* WSActionInfo.h */ = {isa = PBXFileReference; fileEncoding = 4; lastKnownFileType = sourcecode.c.h; path = WSActionInfo.h; sourceTree = "<group>"; };
		6DF5A0E91C6F2281004D5DDB /* WSActionInfo.m */ = {isa = PBXFileReference; fileEncoding = 4; lastKnownFileType = sourcecode.c.objc; path = WSActionInfo.m; sourceTree = "<group>"; };
		6DF704F81CC3DFDB0097B127 /* WSTestXibTableViewCell.h */ = {isa = PBXFileReference; fileEncoding = 4; lastKnownFileType = sourcecode.c.h; path = WSTestXibTableViewCell.h; sourceTree = "<group>"; };
		6DF704F91CC3DFDB0097B127 /* WSTestXibTableViewCell.m */ = {isa = PBXFileReference; fileEncoding = 4; lastKnownFileType = sourcecode.c.objc; path = WSTestXibTableViewCell.m; sourceTree = "<group>"; };
		6DF704FA1CC3DFDB0097B127 /* WSTestXibTableViewCell.xib */ = {isa = PBXFileReference; fileEncoding = 4; lastKnownFileType = file.xib; path = WSTestXibTableViewCell.xib; sourceTree = "<group>"; };
		6DF704FE1CC3E07F0097B127 /* UITableViewExtensionsTests.m */ = {isa = PBXFileReference; fileEncoding = 4; lastKnownFileType = sourcecode.c.objc; path = UITableViewExtensionsTests.m; sourceTree = "<group>"; };
		6DF705001CC3E41D0097B127 /* WSTestClassHeaderFooterView.h */ = {isa = PBXFileReference; fileEncoding = 4; lastKnownFileType = sourcecode.c.h; path = WSTestClassHeaderFooterView.h; sourceTree = "<group>"; };
		6DF705011CC3E41D0097B127 /* WSTestClassHeaderFooterView.m */ = {isa = PBXFileReference; fileEncoding = 4; lastKnownFileType = sourcecode.c.objc; path = WSTestClassHeaderFooterView.m; sourceTree = "<group>"; };
		6DF705031CC3E7F20097B127 /* WSTestNibHeaderFooterView.h */ = {isa = PBXFileReference; fileEncoding = 4; lastKnownFileType = sourcecode.c.h; path = WSTestNibHeaderFooterView.h; sourceTree = "<group>"; };
		6DF705041CC3E7F20097B127 /* WSTestNibHeaderFooterView.m */ = {isa = PBXFileReference; fileEncoding = 4; lastKnownFileType = sourcecode.c.objc; path = WSTestNibHeaderFooterView.m; sourceTree = "<group>"; };
		6DF705061CC3E80C0097B127 /* WSTestNibHeaderFooterView.xib */ = {isa = PBXFileReference; fileEncoding = 4; lastKnownFileType = file.xib; path = WSTestNibHeaderFooterView.xib; sourceTree = "<group>"; };
		6DF705091CC3ECEE0097B127 /* WSSupplementaryItemTests.m */ = {isa = PBXFileReference; fileEncoding = 4; lastKnownFileType = sourcecode.c.objc; path = WSSupplementaryItemTests.m; sourceTree = "<group>"; };
		6DFDDB6B1CC2079500F39F9D /* NSArray+WSAction.h */ = {isa = PBXFileReference; fileEncoding = 4; lastKnownFileType = sourcecode.c.h; path = "NSArray+WSAction.h"; sourceTree = "<group>"; };
		6DFDDB6C1CC2079500F39F9D /* NSArray+WSAction.m */ = {isa = PBXFileReference; fileEncoding = 4; lastKnownFileType = sourcecode.c.objc; path = "NSArray+WSAction.m"; sourceTree = "<group>"; };
		6DFDDB6F1CC20B7600F39F9D /* WSActionTests.m */ = {isa = PBXFileReference; fileEncoding = 4; lastKnownFileType = sourcecode.c.objc; path = WSActionTests.m; sourceTree = "<group>"; };
		6DFDDB711CC229DF00F39F9D /* WSActionInfoTests.m */ = {isa = PBXFileReference; fileEncoding = 4; lastKnownFileType = sourcecode.c.objc; path = WSActionInfoTests.m; sourceTree = "<group>"; };
		6DFDDB731CC22BE300F39F9D /* WSActionsHolderTests.m */ = {isa = PBXFileReference; fileEncoding = 4; lastKnownFileType = sourcecode.c.objc; path = WSActionsHolderTests.m; sourceTree = "<group>"; };
		6DFDDB751CC2351300F39F9D /* WSNSArrayActionsTests.m */ = {isa = PBXFileReference; fileEncoding = 4; lastKnownFileType = sourcecode.c.objc; path = WSNSArrayActionsTests.m; sourceTree = "<group>"; };
		873B8AEA1B1F5CCA007FD442 /* Main.storyboard */ = {isa = PBXFileReference; fileEncoding = 4; lastKnownFileType = file.storyboard; path = Main.storyboard; sourceTree = "<group>"; };
		A27BB152640CA4A5BA22430B /* Pods_WSTableKit_Tests.framework */ = {isa = PBXFileReference; explicitFileType = wrapper.framework; includeInIndex = 0; path = Pods_WSTableKit_Tests.framework; sourceTree = BUILT_PRODUCTS_DIR; };
		C1E59B4E71602994E8E29B6F /* Pods_WSTableKit_Example.framework */ = {isa = PBXFileReference; explicitFileType = wrapper.framework; includeInIndex = 0; path = Pods_WSTableKit_Example.framework; sourceTree = BUILT_PRODUCTS_DIR; };
/* End PBXFileReference section */

/* Begin PBXFrameworksBuildPhase section */
		6003F587195388D20070C39A /* Frameworks */ = {
			isa = PBXFrameworksBuildPhase;
			buildActionMask = 2147483647;
			files = (
				6003F590195388D20070C39A /* CoreGraphics.framework in Frameworks */,
				6003F592195388D20070C39A /* UIKit.framework in Frameworks */,
				6003F58E195388D20070C39A /* Foundation.framework in Frameworks */,
			);
			runOnlyForDeploymentPostprocessing = 0;
		};
		6003F5AB195388D20070C39A /* Frameworks */ = {
			isa = PBXFrameworksBuildPhase;
			buildActionMask = 2147483647;
			files = (
				6003F5B0195388D20070C39A /* XCTest.framework in Frameworks */,
				6003F5B2195388D20070C39A /* UIKit.framework in Frameworks */,
				6003F5B1195388D20070C39A /* Foundation.framework in Frameworks */,
			);
			runOnlyForDeploymentPostprocessing = 0;
		};
/* End PBXFrameworksBuildPhase section */

/* Begin PBXGroup section */
		6003F581195388D10070C39A = {
			isa = PBXGroup;
			children = (
				6003F593195388D20070C39A /* Example for WSTableKit */,
				6003F5B5195388D20070C39A /* Tests */,
				6003F58C195388D20070C39A /* Frameworks */,
				6003F58B195388D20070C39A /* Products */,
			);
			sourceTree = "<group>";
		};
		6003F58B195388D20070C39A /* Products */ = {
			isa = PBXGroup;
			children = (
				6003F58A195388D20070C39A /* WSTableKit_Example.app */,
				6003F5AE195388D20070C39A /* WSTableKit_Tests.xctest */,
			);
			name = Products;
			sourceTree = "<group>";
		};
		6003F58C195388D20070C39A /* Frameworks */ = {
			isa = PBXGroup;
			children = (
				6003F58D195388D20070C39A /* Foundation.framework */,
				6003F58F195388D20070C39A /* CoreGraphics.framework */,
				6003F591195388D20070C39A /* UIKit.framework */,
				6003F5AF195388D20070C39A /* XCTest.framework */,
				C1E59B4E71602994E8E29B6F /* Pods_WSTableKit_Example.framework */,
				A27BB152640CA4A5BA22430B /* Pods_WSTableKit_Tests.framework */,
			);
			name = Frameworks;
			sourceTree = "<group>";
		};
		6003F593195388D20070C39A /* Example for WSTableKit */ = {
			isa = PBXGroup;
			children = (
				6D5FF91E1BBADB2F001DDD91 /* WSTableKit */,
				6003F59C195388D20070C39A /* WSAppDelegate.h */,
				6003F59D195388D20070C39A /* WSAppDelegate.m */,
				873B8AEA1B1F5CCA007FD442 /* Main.storyboard */,
				6003F5A5195388D20070C39A /* WSViewController.h */,
				6003F5A6195388D20070C39A /* WSViewController.m */,
				6003F5A8195388D20070C39A /* Images.xcassets */,
				6003F594195388D20070C39A /* Supporting Files */,
				6D5FF9361BBAF15D001DDD91 /* Launch Screen.storyboard */,
				6D7034B81C5A175E005B178C /* CellWithButton.h */,
				6D7034B91C5A175E005B178C /* CellWithButton.m */,
				6DF704F81CC3DFDB0097B127 /* WSTestXibTableViewCell.h */,
				6DF704F91CC3DFDB0097B127 /* WSTestXibTableViewCell.m */,
				6DF704FA1CC3DFDB0097B127 /* WSTestXibTableViewCell.xib */,
				6DF705001CC3E41D0097B127 /* WSTestClassHeaderFooterView.h */,
				6DF705011CC3E41D0097B127 /* WSTestClassHeaderFooterView.m */,
				6DF705031CC3E7F20097B127 /* WSTestNibHeaderFooterView.h */,
				6DF705041CC3E7F20097B127 /* WSTestNibHeaderFooterView.m */,
				6DF705061CC3E80C0097B127 /* WSTestNibHeaderFooterView.xib */,
			);
			name = "Example for WSTableKit";
			path = WSTableKit;
			sourceTree = "<group>";
		};
		6003F594195388D20070C39A /* Supporting Files */ = {
			isa = PBXGroup;
			children = (
				6003F595195388D20070C39A /* WSTableKit-Info.plist */,
				6003F596195388D20070C39A /* InfoPlist.strings */,
				6003F599195388D20070C39A /* main.m */,
				6003F59B195388D20070C39A /* WSTableKit-Prefix.pch */,
			);
			name = "Supporting Files";
			sourceTree = "<group>";
		};
		6003F5B5195388D20070C39A /* Tests */ = {
			isa = PBXGroup;
			children = (
				6DF705081CC3ECB00097B127 /* Supplementary */,
				6DF704FD1CC3E04F0097B127 /* Categories */,
				6DFDDB6E1CC20B5E00F39F9D /* Actions */,
				6003F5B6195388D20070C39A /* Supporting Files */,
			);
			path = Tests;
			sourceTree = "<group>";
		};
		6003F5B6195388D20070C39A /* Supporting Files */ = {
			isa = PBXGroup;
			children = (
				6003F5B7195388D20070C39A /* Tests-Info.plist */,
				6003F5B8195388D20070C39A /* InfoPlist.strings */,
				606FC2411953D9B200FFA9A0 /* Tests-Prefix.pch */,
			);
			name = "Supporting Files";
			sourceTree = "<group>";
		};
		6D118C121C82476B004A4AAF /* Supplementary */ = {
			isa = PBXGroup;
			children = (
				6D5FF9271BBADC61001DDD91 /* WSSupplementaryItem.h */,
				6D5FF9281BBADC61001DDD91 /* WSSupplementaryItem.m */,
				6D118C141C8341F3004A4AAF /* WSHeaderFooterView.h */,
				6D118C151C8341F3004A4AAF /* WSHeaderFooterView.m */,
			);
			name = Supplementary;
			sourceTree = "<group>";
		};
		6D13554E1CB12C6600A16DED /* Actions */ = {
			isa = PBXGroup;
			children = (
				6D5FF91F1BBADC61001DDD91 /* WSAction.h */,
				6D5FF9201BBADC61001DDD91 /* WSAction.m */,
				6DF5A0E81C6F2281004D5DDB /* WSActionInfo.h */,
				6DF5A0E91C6F2281004D5DDB /* WSActionInfo.m */,
				6D13554F1CB13F0E00A16DED /* WSActionsHolder.h */,
				6D1355501CB13F0E00A16DED /* WSActionsHolder.m */,
				6DFDDB6B1CC2079500F39F9D /* NSArray+WSAction.h */,
				6DFDDB6C1CC2079500F39F9D /* NSArray+WSAction.m */,
			);
			name = Actions;
			sourceTree = "<group>";
		};
		6D5FF91E1BBADB2F001DDD91 /* WSTableKit */ = {
			isa = PBXGroup;
			children = (
				6D13554E1CB12C6600A16DED /* Actions */,
				6D87A3A01CA3063300FEE1AA /* Categories */,
				6DB0437E1CA5B360002CF38D /* Protocols */,
				6D118C121C82476B004A4AAF /* Supplementary */,
				6D1355521CB1576A00A16DED /* WSCellItem.h */,
				6D1355531CB1576A00A16DED /* WSCellItem.m */,
				6D87A39C1CA305FC00FEE1AA /* WSDefaultCellsPrototyper.h */,
				6D87A39D1CA305FC00FEE1AA /* WSDefaultCellsPrototyper.m */,
				6DB0437F1CA5B396002CF38D /* WSDefaultIdentifierConvention.h */,
				6DB043801CA5B396002CF38D /* WSDefaultIdentifierConvention.m */,
				6D5FF92B1BBADC61001DDD91 /* WSSection.h */,
				6D5FF92C1BBADC61001DDD91 /* WSSection.m */,
				6D5FF9251BBADC61001DDD91 /* WSSectionContainer.h */,
				6D5FF9261BBADC61001DDD91 /* WSSectionContainer.m */,
				6D5FF92D1BBADC61001DDD91 /* WSTableViewCell.h */,
				6D5FF92E1BBADC61001DDD91 /* WSTableViewCell.m */,
			);
			name = WSTableKit;
			path = ../../WSTableKit;
			sourceTree = "<group>";
		};
		6D87A3A01CA3063300FEE1AA /* Categories */ = {
			isa = PBXGroup;
			children = (
				6D816B671BBBBF5C00F175AC /* NSArray+WSSortable.h */,
				6D816B681BBBBF5C00F175AC /* NSArray+WSSortable.m */,
				6D87A3991CA304B400FEE1AA /* UITableView+WSTableExtension.h */,
				6D87A39A1CA304B400FEE1AA /* UITableView+WSTableExtension.m */,
				6D13554B1CB11A1500A16DED /* UITableViewCell+WSAutoLayoutHeigh.h */,
				6D13554C1CB11A1500A16DED /* UITableViewCell+WSAutoLayoutHeigh.m */,
			);
			name = Categories;
			sourceTree = "<group>";
		};
		6DB0437E1CA5B360002CF38D /* Protocols */ = {
			isa = PBXGroup;
			children = (
				6D5FF9211BBADC61001DDD91 /* WSCellClass.h */,
				6D87A3A11CA30C9D00FEE1AA /* WSCellsPrototyper.h */,
				6DB0437D1CA5B220002CF38D /* WSIdentifierConvention.h */,
				6D13554A1CB10DCF00A16DED /* WSItem.h */,
				6D5FF9291BBADC61001DDD91 /* WSSortable.h */,
				6D5FF92F1BBADC61001DDD91 /* WSTableViewDirector.h */,
			);
			name = Protocols;
			sourceTree = "<group>";
		};
		6DF704FD1CC3E04F0097B127 /* Categories */ = {
			isa = PBXGroup;
			children = (
				6DF704FE1CC3E07F0097B127 /* UITableViewExtensionsTests.m */,
			);
			name = Categories;
			sourceTree = "<group>";
		};
		6DF705081CC3ECB00097B127 /* Supplementary */ = {
			isa = PBXGroup;
			children = (
				6DF705091CC3ECEE0097B127 /* WSSupplementaryItemTests.m */,
			);
			name = Supplementary;
			sourceTree = "<group>";
		};
		6DFDDB6E1CC20B5E00F39F9D /* Actions */ = {
			isa = PBXGroup;
			children = (
				6DFDDB6F1CC20B7600F39F9D /* WSActionTests.m */,
				6DFDDB711CC229DF00F39F9D /* WSActionInfoTests.m */,
				6DFDDB731CC22BE300F39F9D /* WSActionsHolderTests.m */,
				6DFDDB751CC2351300F39F9D /* WSNSArrayActionsTests.m */,
			);
			name = Actions;
			sourceTree = "<group>";
		};
/* End PBXGroup section */

/* Begin PBXNativeTarget section */
		6003F589195388D20070C39A /* WSTableKit_Example */ = {
			isa = PBXNativeTarget;
			buildConfigurationList = 6003F5BF195388D20070C39A /* Build configuration list for PBXNativeTarget "WSTableKit_Example" */;
			buildPhases = (
				6003F586195388D20070C39A /* Sources */,
				6003F587195388D20070C39A /* Frameworks */,
				6003F588195388D20070C39A /* Resources */,
			);
			buildRules = (
			);
			dependencies = (
			);
			name = WSTableKit_Example;
			productName = WSTableKit;
			productReference = 6003F58A195388D20070C39A /* WSTableKit_Example.app */;
			productType = "com.apple.product-type.application";
		};
		6003F5AD195388D20070C39A /* WSTableKit_Tests */ = {
			isa = PBXNativeTarget;
			buildConfigurationList = 6003F5C2195388D20070C39A /* Build configuration list for PBXNativeTarget "WSTableKit_Tests" */;
			buildPhases = (
				6003F5AA195388D20070C39A /* Sources */,
				6003F5AB195388D20070C39A /* Frameworks */,
				6003F5AC195388D20070C39A /* Resources */,
			);
			buildRules = (
			);
			dependencies = (
				6003F5B4195388D20070C39A /* PBXTargetDependency */,
			);
			name = WSTableKit_Tests;
			productName = WSTableKitTests;
			productReference = 6003F5AE195388D20070C39A /* WSTableKit_Tests.xctest */;
			productType = "com.apple.product-type.bundle.unit-test";
		};
/* End PBXNativeTarget section */

/* Begin PBXProject section */
		6003F582195388D10070C39A /* Project object */ = {
			isa = PBXProject;
			attributes = {
				CLASSPREFIX = WS;
				LastUpgradeCheck = 0730;
				ORGANIZATIONNAME = "Alex Nikishin";
				TargetAttributes = {
					6003F5AD195388D20070C39A = {
						TestTargetID = 6003F589195388D20070C39A;
					};
				};
			};
			buildConfigurationList = 6003F585195388D10070C39A /* Build configuration list for PBXProject "WSTableKit" */;
			compatibilityVersion = "Xcode 3.2";
			developmentRegion = English;
			hasScannedForEncodings = 0;
			knownRegions = (
				en,
				Base,
			);
			mainGroup = 6003F581195388D10070C39A;
			productRefGroup = 6003F58B195388D20070C39A /* Products */;
			projectDirPath = "";
			projectRoot = "";
			targets = (
				6003F589195388D20070C39A /* WSTableKit_Example */,
				6003F5AD195388D20070C39A /* WSTableKit_Tests */,
			);
		};
/* End PBXProject section */

/* Begin PBXResourcesBuildPhase section */
		6003F588195388D20070C39A /* Resources */ = {
			isa = PBXResourcesBuildPhase;
			buildActionMask = 2147483647;
			files = (
				6DF705071CC3E80C0097B127 /* WSTestNibHeaderFooterView.xib in Resources */,
				873B8AEB1B1F5CCA007FD442 /* Main.storyboard in Resources */,
				6003F5A9195388D20070C39A /* Images.xcassets in Resources */,
				6D5FF9371BBAF15D001DDD91 /* Launch Screen.storyboard in Resources */,
				6003F598195388D20070C39A /* InfoPlist.strings in Resources */,
				6DF704FC1CC3DFDB0097B127 /* WSTestXibTableViewCell.xib in Resources */,
			);
			runOnlyForDeploymentPostprocessing = 0;
		};
		6003F5AC195388D20070C39A /* Resources */ = {
			isa = PBXResourcesBuildPhase;
			buildActionMask = 2147483647;
			files = (
				6003F5BA195388D20070C39A /* InfoPlist.strings in Resources */,
			);
			runOnlyForDeploymentPostprocessing = 0;
		};
/* End PBXResourcesBuildPhase section */

/* Begin PBXSourcesBuildPhase section */
		6003F586195388D20070C39A /* Sources */ = {
			isa = PBXSourcesBuildPhase;
			buildActionMask = 2147483647;
			files = (
				6D5FF9331BBADC61001DDD91 /* WSSupplementaryItem.m in Sources */,
				6D1355511CB13F0E00A16DED /* WSActionsHolder.m in Sources */,
				6DF5A0EA1C6F2281004D5DDB /* WSActionInfo.m in Sources */,
				6D13554D1CB11A1500A16DED /* UITableViewCell+WSAutoLayoutHeigh.m in Sources */,
				6003F59E195388D20070C39A /* WSAppDelegate.m in Sources */,
				6D5FF9301BBADC61001DDD91 /* WSAction.m in Sources */,
				6D1355541CB1576A00A16DED /* WSCellItem.m in Sources */,
				6D5FF9351BBADC61001DDD91 /* WSTableViewCell.m in Sources */,
				6D87A39B1CA304B400FEE1AA /* UITableView+WSTableExtension.m in Sources */,
				6D7034BA1C5A175E005B178C /* CellWithButton.m in Sources */,
				6DF705051CC3E7F20097B127 /* WSTestNibHeaderFooterView.m in Sources */,
				6DF705021CC3E41D0097B127 /* WSTestClassHeaderFooterView.m in Sources */,
				6D118C161C8341F3004A4AAF /* WSHeaderFooterView.m in Sources */,
				6003F5A7195388D20070C39A /* WSViewController.m in Sources */,
				6D816B691BBBBF5C00F175AC /* NSArray+WSSortable.m in Sources */,
				6003F59A195388D20070C39A /* main.m in Sources */,
				6D87A39E1CA305FC00FEE1AA /* WSDefaultCellsPrototyper.m in Sources */,
				6DF704FB1CC3DFDB0097B127 /* WSTestXibTableViewCell.m in Sources */,
				6D5FF9341BBADC61001DDD91 /* WSSection.m in Sources */,
				6D5FF9321BBADC61001DDD91 /* WSSectionContainer.m in Sources */,
				6DB043811CA5B396002CF38D /* WSDefaultIdentifierConvention.m in Sources */,
				6DFDDB6D1CC2079500F39F9D /* NSArray+WSAction.m in Sources */,
			);
			runOnlyForDeploymentPostprocessing = 0;
		};
		6003F5AA195388D20070C39A /* Sources */ = {
			isa = PBXSourcesBuildPhase;
			buildActionMask = 2147483647;
			files = (
				6DFDDB761CC2351300F39F9D /* WSNSArrayActionsTests.m in Sources */,
				6DF704FF1CC3E07F0097B127 /* UITableViewExtensionsTests.m in Sources */,
				6DFDDB701CC20B7600F39F9D /* WSActionTests.m in Sources */,
				6DFDDB741CC22BE300F39F9D /* WSActionsHolderTests.m in Sources */,
				6DF7050A1CC3ECEE0097B127 /* WSSupplementaryItemTests.m in Sources */,
				6DFDDB721CC229DF00F39F9D /* WSActionInfoTests.m in Sources */,
			);
			runOnlyForDeploymentPostprocessing = 0;
		};
/* End PBXSourcesBuildPhase section */

/* Begin PBXTargetDependency section */
		6003F5B4195388D20070C39A /* PBXTargetDependency */ = {
			isa = PBXTargetDependency;
			target = 6003F589195388D20070C39A /* WSTableKit_Example */;
			targetProxy = 6003F5B3195388D20070C39A /* PBXContainerItemProxy */;
		};
/* End PBXTargetDependency section */

/* Begin PBXVariantGroup section */
		6003F596195388D20070C39A /* InfoPlist.strings */ = {
			isa = PBXVariantGroup;
			children = (
				6003F597195388D20070C39A /* en */,
			);
			name = InfoPlist.strings;
			sourceTree = "<group>";
		};
		6003F5B8195388D20070C39A /* InfoPlist.strings */ = {
			isa = PBXVariantGroup;
			children = (
				6003F5B9195388D20070C39A /* en */,
			);
			name = InfoPlist.strings;
			sourceTree = "<group>";
		};
/* End PBXVariantGroup section */

/* Begin XCBuildConfiguration section */
		6003F5BD195388D20070C39A /* Debug */ = {
			isa = XCBuildConfiguration;
			buildSettings = {
				ALWAYS_SEARCH_USER_PATHS = NO;
				CLANG_CXX_LANGUAGE_STANDARD = "gnu++0x";
				CLANG_CXX_LIBRARY = "libc++";
				CLANG_ENABLE_MODULES = YES;
				CLANG_ENABLE_OBJC_ARC = YES;
				CLANG_WARN_BOOL_CONVERSION = YES;
				CLANG_WARN_CONSTANT_CONVERSION = YES;
				CLANG_WARN_DIRECT_OBJC_ISA_USAGE = YES_ERROR;
				CLANG_WARN_EMPTY_BODY = YES;
				CLANG_WARN_ENUM_CONVERSION = YES;
				CLANG_WARN_INT_CONVERSION = YES;
				CLANG_WARN_OBJC_ROOT_CLASS = YES_ERROR;
				CLANG_WARN__DUPLICATE_METHOD_MATCH = YES;
				"CODE_SIGN_IDENTITY[sdk=iphoneos*]" = "iPhone Developer";
				COPY_PHASE_STRIP = NO;
				ENABLE_TESTABILITY = YES;
				GCC_C_LANGUAGE_STANDARD = gnu99;
				GCC_DYNAMIC_NO_PIC = NO;
				GCC_OPTIMIZATION_LEVEL = 0;
				GCC_PREPROCESSOR_DEFINITIONS = (
					"DEBUG=1",
					"$(inherited)",
				);
				GCC_SYMBOLS_PRIVATE_EXTERN = NO;
				GCC_WARN_64_TO_32_BIT_CONVERSION = YES;
				GCC_WARN_ABOUT_RETURN_TYPE = YES_ERROR;
				GCC_WARN_UNDECLARED_SELECTOR = YES;
				GCC_WARN_UNINITIALIZED_AUTOS = YES_AGGRESSIVE;
				GCC_WARN_UNUSED_FUNCTION = YES;
				GCC_WARN_UNUSED_VARIABLE = YES;
				IPHONEOS_DEPLOYMENT_TARGET = 7.1;
				ONLY_ACTIVE_ARCH = YES;
				SDKROOT = iphoneos;
				TARGETED_DEVICE_FAMILY = "1,2";
			};
			name = Debug;
		};
		6003F5BE195388D20070C39A /* Release */ = {
			isa = XCBuildConfiguration;
			buildSettings = {
				ALWAYS_SEARCH_USER_PATHS = NO;
				CLANG_CXX_LANGUAGE_STANDARD = "gnu++0x";
				CLANG_CXX_LIBRARY = "libc++";
				CLANG_ENABLE_MODULES = YES;
				CLANG_ENABLE_OBJC_ARC = YES;
				CLANG_WARN_BOOL_CONVERSION = YES;
				CLANG_WARN_CONSTANT_CONVERSION = YES;
				CLANG_WARN_DIRECT_OBJC_ISA_USAGE = YES_ERROR;
				CLANG_WARN_EMPTY_BODY = YES;
				CLANG_WARN_ENUM_CONVERSION = YES;
				CLANG_WARN_INT_CONVERSION = YES;
				CLANG_WARN_OBJC_ROOT_CLASS = YES_ERROR;
				CLANG_WARN__DUPLICATE_METHOD_MATCH = YES;
				"CODE_SIGN_IDENTITY[sdk=iphoneos*]" = "iPhone Developer";
				COPY_PHASE_STRIP = YES;
				ENABLE_NS_ASSERTIONS = NO;
				GCC_C_LANGUAGE_STANDARD = gnu99;
				GCC_WARN_64_TO_32_BIT_CONVERSION = YES;
				GCC_WARN_ABOUT_RETURN_TYPE = YES_ERROR;
				GCC_WARN_UNDECLARED_SELECTOR = YES;
				GCC_WARN_UNINITIALIZED_AUTOS = YES_AGGRESSIVE;
				GCC_WARN_UNUSED_FUNCTION = YES;
				GCC_WARN_UNUSED_VARIABLE = YES;
				IPHONEOS_DEPLOYMENT_TARGET = 7.1;
				SDKROOT = iphoneos;
				TARGETED_DEVICE_FAMILY = "1,2";
				VALIDATE_PRODUCT = YES;
			};
			name = Release;
		};
		6003F5C0195388D20070C39A /* Debug */ = {
			isa = XCBuildConfiguration;
			buildSettings = {
				ASSETCATALOG_COMPILER_APPICON_NAME = AppIcon;
				ASSETCATALOG_COMPILER_LAUNCHIMAGE_NAME = LaunchImage;
				GCC_PRECOMPILE_PREFIX_HEADER = YES;
				GCC_PREFIX_HEADER = "WSTableKit/WSTableKit-Prefix.pch";
				INFOPLIST_FILE = "WSTableKit/WSTableKit-Info.plist";
				IPHONEOS_DEPLOYMENT_TARGET = 7.0;
				MODULE_NAME = ExampleApp;
				PRODUCT_BUNDLE_IDENTIFIER = "org.cocoapods.demo.${PRODUCT_NAME:rfc1034identifier}";
				PRODUCT_NAME = "$(TARGET_NAME)";
				WRAPPER_EXTENSION = app;
			};
			name = Debug;
		};
		6003F5C1195388D20070C39A /* Release */ = {
			isa = XCBuildConfiguration;
			buildSettings = {
				ASSETCATALOG_COMPILER_APPICON_NAME = AppIcon;
				ASSETCATALOG_COMPILER_LAUNCHIMAGE_NAME = LaunchImage;
				GCC_PRECOMPILE_PREFIX_HEADER = YES;
				GCC_PREFIX_HEADER = "WSTableKit/WSTableKit-Prefix.pch";
				INFOPLIST_FILE = "WSTableKit/WSTableKit-Info.plist";
				IPHONEOS_DEPLOYMENT_TARGET = 7.0;
				MODULE_NAME = ExampleApp;
				PRODUCT_BUNDLE_IDENTIFIER = "org.cocoapods.demo.${PRODUCT_NAME:rfc1034identifier}";
				PRODUCT_NAME = "$(TARGET_NAME)";
				WRAPPER_EXTENSION = app;
			};
			name = Release;
		};
		6003F5C3195388D20070C39A /* Debug */ = {
			isa = XCBuildConfiguration;
			buildSettings = {
				BUNDLE_LOADER = "$(TEST_HOST)";
				FRAMEWORK_SEARCH_PATHS = (
					"$(SDKROOT)/Developer/Library/Frameworks",
					"$(inherited)",
					"$(DEVELOPER_FRAMEWORKS_DIR)",
				);
				GCC_PRECOMPILE_PREFIX_HEADER = YES;
				GCC_PREFIX_HEADER = "Tests/Tests-Prefix.pch";
				GCC_PREPROCESSOR_DEFINITIONS = (
					"DEBUG=1",
					"$(inherited)",
				);
				INFOPLIST_FILE = "Tests/Tests-Info.plist";
				PRODUCT_BUNDLE_IDENTIFIER = "org.cocoapods.demo.${PRODUCT_NAME:rfc1034identifier}";
				PRODUCT_NAME = "$(TARGET_NAME)";
				TEST_HOST = "$(BUILT_PRODUCTS_DIR)/WSTableKit_Example.app/WSTableKit_Example";
				WRAPPER_EXTENSION = xctest;
			};
			name = Debug;
		};
		6003F5C4195388D20070C39A /* Release */ = {
			isa = XCBuildConfiguration;
			buildSettings = {
				BUNDLE_LOADER = "$(TEST_HOST)";
				FRAMEWORK_SEARCH_PATHS = (
					"$(SDKROOT)/Developer/Library/Frameworks",
					"$(inherited)",
					"$(DEVELOPER_FRAMEWORKS_DIR)",
				);
				GCC_PRECOMPILE_PREFIX_HEADER = YES;
				GCC_PREFIX_HEADER = "Tests/Tests-Prefix.pch";
				INFOPLIST_FILE = "Tests/Tests-Info.plist";
				PRODUCT_BUNDLE_IDENTIFIER = "org.cocoapods.demo.${PRODUCT_NAME:rfc1034identifier}";
				PRODUCT_NAME = "$(TARGET_NAME)";
				TEST_HOST = "$(BUILT_PRODUCTS_DIR)/WSTableKit_Example.app/WSTableKit_Example";
				WRAPPER_EXTENSION = xctest;
			};
			name = Release;
		};
/* End XCBuildConfiguration section */

/* Begin XCConfigurationList section */
		6003F585195388D10070C39A /* Build configuration list for PBXProject "WSTableKit" */ = {
			isa = XCConfigurationList;
			buildConfigurations = (
				6003F5BD195388D20070C39A /* Debug */,
				6003F5BE195388D20070C39A /* Release */,
			);
			defaultConfigurationIsVisible = 0;
			defaultConfigurationName = Release;
		};
		6003F5BF195388D20070C39A /* Build configuration list for PBXNativeTarget "WSTableKit_Example" */ = {
			isa = XCConfigurationList;
			buildConfigurations = (
				6003F5C0195388D20070C39A /* Debug */,
				6003F5C1195388D20070C39A /* Release */,
			);
			defaultConfigurationIsVisible = 0;
			defaultConfigurationName = Release;
		};
		6003F5C2195388D20070C39A /* Build configuration list for PBXNativeTarget "WSTableKit_Tests" */ = {
			isa = XCConfigurationList;
			buildConfigurations = (
				6003F5C3195388D20070C39A /* Debug */,
				6003F5C4195388D20070C39A /* Release */,
			);
			defaultConfigurationIsVisible = 0;
			defaultConfigurationName = Release;
		};
/* End XCConfigurationList section */
	};
	rootObject = 6003F582195388D10070C39A /* Project object */;
}
